
Microsoft Visual Studio Solution File, Format Version 12.00
# Visual Studio Version 17
VisualStudioVersion = 17.6.33815.320
MinimumVisualStudioVersion = 10.0.40219.1
Project("{FAE04EC0-301F-11D3-BF4B-00C04F79EFBC}") = "CourseProject", "CourseProject\CourseProject.csproj", "{8E725D81-4ABF-480E-A1E6-F87CC4FEA66A}"
EndProject
Global
	GlobalSection(SolutionConfigurationPlatforms) = preSolution
		Debug|Any CPU = Debug|Any CPU
		Release|Any CPU = Release|Any CPU
	EndGlobalSection
	GlobalSection(ProjectConfigurationPlatforms) = postSolution
		{8E725D81-4ABF-480E-A1E6-F87CC4FEA66A}.Debug|Any CPU.ActiveCfg = Debug|Any CPU
		{8E725D81-4ABF-480E-A1E6-F87CC4FEA66A}.Debug|Any CPU.Build.0 = Debug|Any CPU
		{8E725D81-4ABF-480E-A1E6-F87CC4FEA66A}.Release|Any CPU.ActiveCfg = Release|Any CPU
		{8E725D81-4ABF-480E-A1E6-F87CC4FEA66A}.Release|Any CPU.Build.0 = Release|Any CPU
	EndGlobalSection
	GlobalSection(SolutionProperties) = preSolution
		HideSolutionNode = FALSE
	EndGlobalSection
	GlobalSection(ExtensibilityGlobals) = postSolution
		SolutionGuid = {3D63732A-BBD0-49FF-80BC-4914CE75E585}
	EndGlobalSection
EndGlobal
